// !$*UTF8*$!
{
	archiveVersion = 1;
	classes = {
	};
	objectVersion = 56;
	objects = {

/* Begin PBXBuildFile section */
		4C0E17A929938E5900F7814F /* APIService.swift in Sources */ = {isa = PBXBuildFile; fileRef = 4C0E17A829938E5900F7814F /* APIService.swift */; };
		4C0E17AB299397DA00F7814F /* Date+Format.swift in Sources */ = {isa = PBXBuildFile; fileRef = 4C0E17AA299397DA00F7814F /* Date+Format.swift */; };
		4C0E17AD2993A4C500F7814F /* MatchDetailView.swift in Sources */ = {isa = PBXBuildFile; fileRef = 4C0E17AC2993A4C500F7814F /* MatchDetailView.swift */; };
		4C0E17B02993BF8300F7814F /* Kingfisher in Frameworks */ = {isa = PBXBuildFile; productRef = 4C0E17AF2993BF8300F7814F /* Kingfisher */; };
		4C5BA5FA2990FA2B00281857 /* SelectView.swift in Sources */ = {isa = PBXBuildFile; fileRef = 4C5BA5F92990FA2B00281857 /* SelectView.swift */; };
		4C5BA5FF2990FF0900281857 /* MatchModel.swift in Sources */ = {isa = PBXBuildFile; fileRef = 4C5BA5FE2990FF0900281857 /* MatchModel.swift */; };
		4C5BA6012990FFEB00281857 /* ScoreModel.swift in Sources */ = {isa = PBXBuildFile; fileRef = 4C5BA6002990FFEB00281857 /* ScoreModel.swift */; };
		4C5BA6032991011B00281857 /* CalendarViewModel.swift in Sources */ = {isa = PBXBuildFile; fileRef = 4C5BA6022991011B00281857 /* CalendarViewModel.swift */; };
		4C5BA605299102FC00281857 /* MatchViewModel.swift in Sources */ = {isa = PBXBuildFile; fileRef = 4C5BA604299102FC00281857 /* MatchViewModel.swift */; };
		4C5BA607299103E700281857 /* Matches.swift in Sources */ = {isa = PBXBuildFile; fileRef = 4C5BA606299103E700281857 /* Matches.swift */; };
		4C5BA60929911E8D00281857 /* DummyData.swift in Sources */ = {isa = PBXBuildFile; fileRef = 4C5BA60829911E8D00281857 /* DummyData.swift */; };
		4C5BA60B29913D5D00281857 /* SelectViewButton.swift in Sources */ = {isa = PBXBuildFile; fileRef = 4C5BA60A29913D5D00281857 /* SelectViewButton.swift */; };
		4C8C2F9729929A40007FF5C4 /* String+DateFormatter.swift in Sources */ = {isa = PBXBuildFile; fileRef = 4C8C2F9629929A40007FF5C4 /* String+DateFormatter.swift */; };
		4C8D3AA7298E7E0600FA5686 /* CalendarView.swift in Sources */ = {isa = PBXBuildFile; fileRef = 4C8D3AA6298E7E0600FA5686 /* CalendarView.swift */; };
		4C8D3AA9298E7E1C00FA5686 /* MatchView.swift in Sources */ = {isa = PBXBuildFile; fileRef = 4C8D3AA8298E7E1C00FA5686 /* MatchView.swift */; };
		4CBA2544298E64A0003FFA96 /* OddsiumCTApp.swift in Sources */ = {isa = PBXBuildFile; fileRef = 4CBA2543298E64A0003FFA96 /* OddsiumCTApp.swift */; };
		4CBA2546298E64A0003FFA96 /* ContentView.swift in Sources */ = {isa = PBXBuildFile; fileRef = 4CBA2545298E64A0003FFA96 /* ContentView.swift */; };
		4CBA2548298E64A2003FFA96 /* Assets.xcassets in Resources */ = {isa = PBXBuildFile; fileRef = 4CBA2547298E64A2003FFA96 /* Assets.xcassets */; };
		4CBA254B298E64A2003FFA96 /* Preview Assets.xcassets in Resources */ = {isa = PBXBuildFile; fileRef = 4CBA254A298E64A2003FFA96 /* Preview Assets.xcassets */; };
		4CE77F9B2993D2C800BDA6CD /* MatchDetailViewModel.swift in Sources */ = {isa = PBXBuildFile; fileRef = 4CE77F9A2993D2C800BDA6CD /* MatchDetailViewModel.swift */; };
		4CE77F9D2993F05800BDA6CD /* MatchDetailModel.swift in Sources */ = {isa = PBXBuildFile; fileRef = 4CE77F9C2993F05800BDA6CD /* MatchDetailModel.swift */; };
		4CE77F9F29956CC400BDA6CD /* OddsOperatorView.swift in Sources */ = {isa = PBXBuildFile; fileRef = 4CE77F9E29956CC400BDA6CD /* OddsOperatorView.swift */; };
		4CE77FA1299634EC00BDA6CD /* OddsOperatorViewModel.swift in Sources */ = {isa = PBXBuildFile; fileRef = 4CE77FA0299634EC00BDA6CD /* OddsOperatorViewModel.swift */; };
/* End PBXBuildFile section */

/* Begin PBXFileReference section */
		4C0E17A829938E5900F7814F /* APIService.swift */ = {isa = PBXFileReference; lastKnownFileType = sourcecode.swift; path = APIService.swift; sourceTree = "<group>"; };
		4C0E17AA299397DA00F7814F /* Date+Format.swift */ = {isa = PBXFileReference; lastKnownFileType = sourcecode.swift; path = "Date+Format.swift"; sourceTree = "<group>"; };
		4C0E17AC2993A4C500F7814F /* MatchDetailView.swift */ = {isa = PBXFileReference; lastKnownFileType = sourcecode.swift; path = MatchDetailView.swift; sourceTree = "<group>"; };
		4C0E17B12993C16C00F7814F /* Info.plist */ = {isa = PBXFileReference; lastKnownFileType = text.plist; path = Info.plist; sourceTree = "<group>"; };
		4C5BA5F92990FA2B00281857 /* SelectView.swift */ = {isa = PBXFileReference; lastKnownFileType = sourcecode.swift; path = SelectView.swift; sourceTree = "<group>"; };
		4C5BA5FE2990FF0900281857 /* MatchModel.swift */ = {isa = PBXFileReference; lastKnownFileType = sourcecode.swift; path = MatchModel.swift; sourceTree = "<group>"; };
		4C5BA6002990FFEB00281857 /* ScoreModel.swift */ = {isa = PBXFileReference; lastKnownFileType = sourcecode.swift; path = ScoreModel.swift; sourceTree = "<group>"; };
		4C5BA6022991011B00281857 /* CalendarViewModel.swift */ = {isa = PBXFileReference; lastKnownFileType = sourcecode.swift; path = CalendarViewModel.swift; sourceTree = "<group>"; };
		4C5BA604299102FC00281857 /* MatchViewModel.swift */ = {isa = PBXFileReference; lastKnownFileType = sourcecode.swift; path = MatchViewModel.swift; sourceTree = "<group>"; };
		4C5BA606299103E700281857 /* Matches.swift */ = {isa = PBXFileReference; lastKnownFileType = sourcecode.swift; path = Matches.swift; sourceTree = "<group>"; };
		4C5BA60829911E8D00281857 /* DummyData.swift */ = {isa = PBXFileReference; lastKnownFileType = sourcecode.swift; path = DummyData.swift; sourceTree = "<group>"; };
		4C5BA60A29913D5D00281857 /* SelectViewButton.swift */ = {isa = PBXFileReference; lastKnownFileType = sourcecode.swift; path = SelectViewButton.swift; sourceTree = "<group>"; };
		4C8C2F9629929A40007FF5C4 /* String+DateFormatter.swift */ = {isa = PBXFileReference; lastKnownFileType = sourcecode.swift; path = "String+DateFormatter.swift"; sourceTree = "<group>"; };
		4C8D3AA6298E7E0600FA5686 /* CalendarView.swift */ = {isa = PBXFileReference; lastKnownFileType = sourcecode.swift; path = CalendarView.swift; sourceTree = "<group>"; };
		4C8D3AA8298E7E1C00FA5686 /* MatchView.swift */ = {isa = PBXFileReference; lastKnownFileType = sourcecode.swift; path = MatchView.swift; sourceTree = "<group>"; };
		4CBA2540298E64A0003FFA96 /* OddsiumCT.app */ = {isa = PBXFileReference; explicitFileType = wrapper.application; includeInIndex = 0; path = OddsiumCT.app; sourceTree = BUILT_PRODUCTS_DIR; };
		4CBA2543298E64A0003FFA96 /* OddsiumCTApp.swift */ = {isa = PBXFileReference; lastKnownFileType = sourcecode.swift; path = OddsiumCTApp.swift; sourceTree = "<group>"; };
		4CBA2545298E64A0003FFA96 /* ContentView.swift */ = {isa = PBXFileReference; lastKnownFileType = sourcecode.swift; path = ContentView.swift; sourceTree = "<group>"; };
		4CBA2547298E64A2003FFA96 /* Assets.xcassets */ = {isa = PBXFileReference; lastKnownFileType = folder.assetcatalog; path = Assets.xcassets; sourceTree = "<group>"; };
		4CBA254A298E64A2003FFA96 /* Preview Assets.xcassets */ = {isa = PBXFileReference; lastKnownFileType = folder.assetcatalog; path = "Preview Assets.xcassets"; sourceTree = "<group>"; };
		4CE77F9A2993D2C800BDA6CD /* MatchDetailViewModel.swift */ = {isa = PBXFileReference; lastKnownFileType = sourcecode.swift; path = MatchDetailViewModel.swift; sourceTree = "<group>"; };
		4CE77F9C2993F05800BDA6CD /* MatchDetailModel.swift */ = {isa = PBXFileReference; lastKnownFileType = sourcecode.swift; path = MatchDetailModel.swift; sourceTree = "<group>"; };
		4CE77F9E29956CC400BDA6CD /* OddsOperatorView.swift */ = {isa = PBXFileReference; lastKnownFileType = sourcecode.swift; path = OddsOperatorView.swift; sourceTree = "<group>"; };
		4CE77FA0299634EC00BDA6CD /* OddsOperatorViewModel.swift */ = {isa = PBXFileReference; lastKnownFileType = sourcecode.swift; path = OddsOperatorViewModel.swift; sourceTree = "<group>"; };
/* End PBXFileReference section */

/* Begin PBXFrameworksBuildPhase section */
		4CBA253D298E64A0003FFA96 /* Frameworks */ = {
			isa = PBXFrameworksBuildPhase;
			buildActionMask = 2147483647;
			files = (
				4C0E17B02993BF8300F7814F /* Kingfisher in Frameworks */,
			);
			runOnlyForDeploymentPostprocessing = 0;
		};
/* End PBXFrameworksBuildPhase section */

/* Begin PBXGroup section */
		4C5BA5FD2990FEE600281857 /* Models */ = {
			isa = PBXGroup;
			children = (
				4C5BA5FE2990FF0900281857 /* MatchModel.swift */,
				4C5BA6002990FFEB00281857 /* ScoreModel.swift */,
				4C5BA606299103E700281857 /* Matches.swift */,
				4CE77F9C2993F05800BDA6CD /* MatchDetailModel.swift */,
			);
			path = Models;
			sourceTree = "<group>";
		};
		4C8C2F9529929817007FF5C4 /* Extensions */ = {
			isa = PBXGroup;
			children = (
				4C8C2F9629929A40007FF5C4 /* String+DateFormatter.swift */,
				4C0E17AA299397DA00F7814F /* Date+Format.swift */,
			);
			path = Extensions;
			sourceTree = "<group>";
		};
		4C8D3AA2298E7D4100FA5686 /* App */ = {
			isa = PBXGroup;
			children = (
				4CBA2543298E64A0003FFA96 /* OddsiumCTApp.swift */,
				4C8D3AA6298E7E0600FA5686 /* CalendarView.swift */,
				4CBA2545298E64A0003FFA96 /* ContentView.swift */,
				4C0E17AC2993A4C500F7814F /* MatchDetailView.swift */,
			);
			path = App;
			sourceTree = "<group>";
		};
		4C8D3AA3298E7D4C00FA5686 /* Views */ = {
			isa = PBXGroup;
			children = (
				4C5BA5F92990FA2B00281857 /* SelectView.swift */,
				4C8D3AA8298E7E1C00FA5686 /* MatchView.swift */,
				4C5BA60A29913D5D00281857 /* SelectViewButton.swift */,
				4CE77F9E29956CC400BDA6CD /* OddsOperatorView.swift */,
			);
			path = Views;
			sourceTree = "<group>";
		};
		4C8D3AA4298E7D5600FA5686 /* ViewModels */ = {
			isa = PBXGroup;
			children = (
				4C5BA6022991011B00281857 /* CalendarViewModel.swift */,
				4C5BA604299102FC00281857 /* MatchViewModel.swift */,
				4CE77F9A2993D2C800BDA6CD /* MatchDetailViewModel.swift */,
				4CE77FA0299634EC00BDA6CD /* OddsOperatorViewModel.swift */,
			);
			path = ViewModels;
			sourceTree = "<group>";
		};
		4C8D3AA5298E7D6A00FA5686 /* Api */ = {
			isa = PBXGroup;
			children = (
				4C5BA60829911E8D00281857 /* DummyData.swift */,
				4C0E17A829938E5900F7814F /* APIService.swift */,
			);
			path = Api;
			sourceTree = "<group>";
		};
		4CBA2537298E64A0003FFA96 = {
			isa = PBXGroup;
			children = (
				4CBA2542298E64A0003FFA96 /* OddsiumCT */,
				4CBA2541298E64A0003FFA96 /* Products */,
			);
			sourceTree = "<group>";
		};
		4CBA2541298E64A0003FFA96 /* Products */ = {
			isa = PBXGroup;
			children = (
				4CBA2540298E64A0003FFA96 /* OddsiumCT.app */,
			);
			name = Products;
			sourceTree = "<group>";
		};
		4CBA2542298E64A0003FFA96 /* OddsiumCT */ = {
			isa = PBXGroup;
			children = (
				4C0E17B12993C16C00F7814F /* Info.plist */,
				4C8C2F9529929817007FF5C4 /* Extensions */,
				4C8D3AA5298E7D6A00FA5686 /* Api */,
				4C8D3AA4298E7D5600FA5686 /* ViewModels */,
				4C5BA5FD2990FEE600281857 /* Models */,
				4C8D3AA3298E7D4C00FA5686 /* Views */,
				4C8D3AA2298E7D4100FA5686 /* App */,
				4CBA2547298E64A2003FFA96 /* Assets.xcassets */,
				4CBA2549298E64A2003FFA96 /* Preview Content */,
			);
			path = OddsiumCT;
			sourceTree = "<group>";
		};
		4CBA2549298E64A2003FFA96 /* Preview Content */ = {
			isa = PBXGroup;
			children = (
				4CBA254A298E64A2003FFA96 /* Preview Assets.xcassets */,
			);
			path = "Preview Content";
			sourceTree = "<group>";
		};
/* End PBXGroup section */

/* Begin PBXNativeTarget section */
		4CBA253F298E64A0003FFA96 /* OddsiumCT */ = {
			isa = PBXNativeTarget;
			buildConfigurationList = 4CBA254E298E64A2003FFA96 /* Build configuration list for PBXNativeTarget "OddsiumCT" */;
			buildPhases = (
				4CBA253C298E64A0003FFA96 /* Sources */,
				4CBA253D298E64A0003FFA96 /* Frameworks */,
				4CBA253E298E64A0003FFA96 /* Resources */,
			);
			buildRules = (
			);
			dependencies = (
			);
			name = OddsiumCT;
			packageProductDependencies = (
				4C0E17AF2993BF8300F7814F /* Kingfisher */,
			);
			productName = OddsiumCT;
			productReference = 4CBA2540298E64A0003FFA96 /* OddsiumCT.app */;
			productType = "com.apple.product-type.application";
		};
/* End PBXNativeTarget section */

/* Begin PBXProject section */
		4CBA2538298E64A0003FFA96 /* Project object */ = {
			isa = PBXProject;
			attributes = {
				BuildIndependentTargetsInParallel = 1;
				LastSwiftUpdateCheck = 1410;
				LastUpgradeCheck = 1410;
				TargetAttributes = {
					4CBA253F298E64A0003FFA96 = {
						CreatedOnToolsVersion = 14.1;
					};
				};
			};
			buildConfigurationList = 4CBA253B298E64A0003FFA96 /* Build configuration list for PBXProject "OddsiumCT" */;
			compatibilityVersion = "Xcode 14.0";
			developmentRegion = en;
			hasScannedForEncodings = 0;
			knownRegions = (
				en,
				Base,
			);
			mainGroup = 4CBA2537298E64A0003FFA96;
			packageReferences = (
				4C0E17AE2993BF8300F7814F /* XCRemoteSwiftPackageReference "Kingfisher" */,
			);
			productRefGroup = 4CBA2541298E64A0003FFA96 /* Products */;
			projectDirPath = "";
			projectRoot = "";
			targets = (
				4CBA253F298E64A0003FFA96 /* OddsiumCT */,
			);
		};
/* End PBXProject section */

/* Begin PBXResourcesBuildPhase section */
		4CBA253E298E64A0003FFA96 /* Resources */ = {
			isa = PBXResourcesBuildPhase;
			buildActionMask = 2147483647;
			files = (
				4CBA254B298E64A2003FFA96 /* Preview Assets.xcassets in Resources */,
				4CBA2548298E64A2003FFA96 /* Assets.xcassets in Resources */,
			);
			runOnlyForDeploymentPostprocessing = 0;
		};
/* End PBXResourcesBuildPhase section */

/* Begin PBXSourcesBuildPhase section */
		4CBA253C298E64A0003FFA96 /* Sources */ = {
			isa = PBXSourcesBuildPhase;
			buildActionMask = 2147483647;
			files = (
				4CE77FA1299634EC00BDA6CD /* OddsOperatorViewModel.swift in Sources */,
				4C5BA6032991011B00281857 /* CalendarViewModel.swift in Sources */,
				4C5BA605299102FC00281857 /* MatchViewModel.swift in Sources */,
				4C5BA5FA2990FA2B00281857 /* SelectView.swift in Sources */,
				4C5BA607299103E700281857 /* Matches.swift in Sources */,
				4C5BA5FF2990FF0900281857 /* MatchModel.swift in Sources */,
				4CE77F9F29956CC400BDA6CD /* OddsOperatorView.swift in Sources */,
				4CBA2546298E64A0003FFA96 /* ContentView.swift in Sources */,
				4CE77F9D2993F05800BDA6CD /* MatchDetailModel.swift in Sources */,
				4C0E17AB299397DA00F7814F /* Date+Format.swift in Sources */,
				4C5BA6012990FFEB00281857 /* ScoreModel.swift in Sources */,
				4CBA2544298E64A0003FFA96 /* OddsiumCTApp.swift in Sources */,
				4C0E17A929938E5900F7814F /* APIService.swift in Sources */,
				4C5BA60B29913D5D00281857 /* SelectViewButton.swift in Sources */,
				4C0E17AD2993A4C500F7814F /* MatchDetailView.swift in Sources */,
				4C8D3AA9298E7E1C00FA5686 /* MatchView.swift in Sources */,
				4C5BA60929911E8D00281857 /* DummyData.swift in Sources */,
				4C8D3AA7298E7E0600FA5686 /* CalendarView.swift in Sources */,
				4CE77F9B2993D2C800BDA6CD /* MatchDetailViewModel.swift in Sources */,
				4C8C2F9729929A40007FF5C4 /* String+DateFormatter.swift in Sources */,
			);
			runOnlyForDeploymentPostprocessing = 0;
		};
/* End PBXSourcesBuildPhase section */

/* Begin XCBuildConfiguration section */
		4CBA254C298E64A2003FFA96 /* Debug */ = {
			isa = XCBuildConfiguration;
			buildSettings = {
				ALWAYS_SEARCH_USER_PATHS = NO;
				CLANG_ANALYZER_NONNULL = YES;
				CLANG_ANALYZER_NUMBER_OBJECT_CONVERSION = YES_AGGRESSIVE;
				CLANG_CXX_LANGUAGE_STANDARD = "gnu++20";
				CLANG_ENABLE_MODULES = YES;
				CLANG_ENABLE_OBJC_ARC = YES;
				CLANG_ENABLE_OBJC_WEAK = YES;
				CLANG_WARN_BLOCK_CAPTURE_AUTORELEASING = YES;
				CLANG_WARN_BOOL_CONVERSION = YES;
				CLANG_WARN_COMMA = YES;
				CLANG_WARN_CONSTANT_CONVERSION = YES;
				CLANG_WARN_DEPRECATED_OBJC_IMPLEMENTATIONS = YES;
				CLANG_WARN_DIRECT_OBJC_ISA_USAGE = YES_ERROR;
				CLANG_WARN_DOCUMENTATION_COMMENTS = YES;
				CLANG_WARN_EMPTY_BODY = YES;
				CLANG_WARN_ENUM_CONVERSION = YES;
				CLANG_WARN_INFINITE_RECURSION = YES;
				CLANG_WARN_INT_CONVERSION = YES;
				CLANG_WARN_NON_LITERAL_NULL_CONVERSION = YES;
				CLANG_WARN_OBJC_IMPLICIT_RETAIN_SELF = YES;
				CLANG_WARN_OBJC_LITERAL_CONVERSION = YES;
				CLANG_WARN_OBJC_ROOT_CLASS = YES_ERROR;
				CLANG_WARN_QUOTED_INCLUDE_IN_FRAMEWORK_HEADER = YES;
				CLANG_WARN_RANGE_LOOP_ANALYSIS = YES;
				CLANG_WARN_STRICT_PROTOTYPES = YES;
				CLANG_WARN_SUSPICIOUS_MOVE = YES;
				CLANG_WARN_UNGUARDED_AVAILABILITY = YES_AGGRESSIVE;
				CLANG_WARN_UNREACHABLE_CODE = YES;
				CLANG_WARN__DUPLICATE_METHOD_MATCH = YES;
				COPY_PHASE_STRIP = NO;
				DEBUG_INFORMATION_FORMAT = dwarf;
				ENABLE_STRICT_OBJC_MSGSEND = YES;
				ENABLE_TESTABILITY = YES;
				GCC_C_LANGUAGE_STANDARD = gnu11;
				GCC_DYNAMIC_NO_PIC = NO;
				GCC_NO_COMMON_BLOCKS = YES;
				GCC_OPTIMIZATION_LEVEL = 0;
				GCC_PREPROCESSOR_DEFINITIONS = (
					"DEBUG=1",
					"$(inherited)",
				);
				GCC_WARN_64_TO_32_BIT_CONVERSION = YES;
				GCC_WARN_ABOUT_RETURN_TYPE = YES_ERROR;
				GCC_WARN_UNDECLARED_SELECTOR = YES;
				GCC_WARN_UNINITIALIZED_AUTOS = YES_AGGRESSIVE;
				GCC_WARN_UNUSED_FUNCTION = YES;
				GCC_WARN_UNUSED_VARIABLE = YES;
				IPHONEOS_DEPLOYMENT_TARGET = 16.1;
				MTL_ENABLE_DEBUG_INFO = INCLUDE_SOURCE;
				MTL_FAST_MATH = YES;
				ONLY_ACTIVE_ARCH = YES;
				SDKROOT = iphoneos;
				SWIFT_ACTIVE_COMPILATION_CONDITIONS = DEBUG;
				SWIFT_OPTIMIZATION_LEVEL = "-Onone";
			};
			name = Debug;
		};
		4CBA254D298E64A2003FFA96 /* Release */ = {
			isa = XCBuildConfiguration;
			buildSettings = {
				ALWAYS_SEARCH_USER_PATHS = NO;
				CLANG_ANALYZER_NONNULL = YES;
				CLANG_ANALYZER_NUMBER_OBJECT_CONVERSION = YES_AGGRESSIVE;
				CLANG_CXX_LANGUAGE_STANDARD = "gnu++20";
				CLANG_ENABLE_MODULES = YES;
				CLANG_ENABLE_OBJC_ARC = YES;
				CLANG_ENABLE_OBJC_WEAK = YES;
				CLANG_WARN_BLOCK_CAPTURE_AUTORELEASING = YES;
				CLANG_WARN_BOOL_CONVERSION = YES;
				CLANG_WARN_COMMA = YES;
				CLANG_WARN_CONSTANT_CONVERSION = YES;
				CLANG_WARN_DEPRECATED_OBJC_IMPLEMENTATIONS = YES;
				CLANG_WARN_DIRECT_OBJC_ISA_USAGE = YES_ERROR;
				CLANG_WARN_DOCUMENTATION_COMMENTS = YES;
				CLANG_WARN_EMPTY_BODY = YES;
				CLANG_WARN_ENUM_CONVERSION = YES;
				CLANG_WARN_INFINITE_RECURSION = YES;
				CLANG_WARN_INT_CONVERSION = YES;
				CLANG_WARN_NON_LITERAL_NULL_CONVERSION = YES;
				CLANG_WARN_OBJC_IMPLICIT_RETAIN_SELF = YES;
				CLANG_WARN_OBJC_LITERAL_CONVERSION = YES;
				CLANG_WARN_OBJC_ROOT_CLASS = YES_ERROR;
				CLANG_WARN_QUOTED_INCLUDE_IN_FRAMEWORK_HEADER = YES;
				CLANG_WARN_RANGE_LOOP_ANALYSIS = YES;
				CLANG_WARN_STRICT_PROTOTYPES = YES;
				CLANG_WARN_SUSPICIOUS_MOVE = YES;
				CLANG_WARN_UNGUARDED_AVAILABILITY = YES_AGGRESSIVE;
				CLANG_WARN_UNREACHABLE_CODE = YES;
				CLANG_WARN__DUPLICATE_METHOD_MATCH = YES;
				COPY_PHASE_STRIP = NO;
				DEBUG_INFORMATION_FORMAT = "dwarf-with-dsym";
				ENABLE_NS_ASSERTIONS = NO;
				ENABLE_STRICT_OBJC_MSGSEND = YES;
				GCC_C_LANGUAGE_STANDARD = gnu11;
				GCC_NO_COMMON_BLOCKS = YES;
				GCC_WARN_64_TO_32_BIT_CONVERSION = YES;
				GCC_WARN_ABOUT_RETURN_TYPE = YES_ERROR;
				GCC_WARN_UNDECLARED_SELECTOR = YES;
				GCC_WARN_UNINITIALIZED_AUTOS = YES_AGGRESSIVE;
				GCC_WARN_UNUSED_FUNCTION = YES;
				GCC_WARN_UNUSED_VARIABLE = YES;
				IPHONEOS_DEPLOYMENT_TARGET = 16.1;
				MTL_ENABLE_DEBUG_INFO = NO;
				MTL_FAST_MATH = YES;
				SDKROOT = iphoneos;
				SWIFT_COMPILATION_MODE = wholemodule;
				SWIFT_OPTIMIZATION_LEVEL = "-O";
				VALIDATE_PRODUCT = YES;
			};
			name = Release;
		};
		4CBA254F298E64A2003FFA96 /* Debug */ = {
			isa = XCBuildConfiguration;
			buildSettings = {
				ASSETCATALOG_COMPILER_APPICON_NAME = AppIcon;
				ASSETCATALOG_COMPILER_GLOBAL_ACCENT_COLOR_NAME = AccentColor;
				CODE_SIGN_STYLE = Automatic;
				CURRENT_PROJECT_VERSION = 1;
				DEVELOPMENT_ASSET_PATHS = "\"OddsiumCT/Preview Content\"";
				DEVELOPMENT_TEAM = T69772G8XN;
				ENABLE_PREVIEWS = YES;
				GENERATE_INFOPLIST_FILE = YES;
				INFOPLIST_FILE = OddsiumCT/Info.plist;
				INFOPLIST_KEY_UIApplicationSceneManifest_Generation = YES;
				INFOPLIST_KEY_UIApplicationSupportsIndirectInputEvents = YES;
				INFOPLIST_KEY_UILaunchScreen_Generation = YES;
				INFOPLIST_KEY_UISupportedInterfaceOrientations_iPad = "UIInterfaceOrientationPortrait UIInterfaceOrientationPortraitUpsideDown UIInterfaceOrientationLandscapeLeft UIInterfaceOrientationLandscapeRight";
				INFOPLIST_KEY_UISupportedInterfaceOrientations_iPhone = "UIInterfaceOrientationPortrait UIInterfaceOrientationLandscapeLeft UIInterfaceOrientationLandscapeRight";
				LD_RUNPATH_SEARCH_PATHS = (
					"$(inherited)",
					"@executable_path/Frameworks",
				);
				MARKETING_VERSION = 1.0;
				PRODUCT_BUNDLE_IDENTIFIER = se.codable.OddsiumCT;
				PRODUCT_NAME = "$(TARGET_NAME)";
				SWIFT_EMIT_LOC_STRINGS = YES;
				SWIFT_VERSION = 5.0;
				TARGETED_DEVICE_FAMILY = "1,2";
			};
			name = Debug;
		};
		4CBA2550298E64A2003FFA96 /* Release */ = {
			isa = XCBuildConfiguration;
			buildSettings = {
				ASSETCATALOG_COMPILER_APPICON_NAME = AppIcon;
				ASSETCATALOG_COMPILER_GLOBAL_ACCENT_COLOR_NAME = AccentColor;
				CODE_SIGN_STYLE = Automatic;
				CURRENT_PROJECT_VERSION = 1;
				DEVELOPMENT_ASSET_PATHS = "\"OddsiumCT/Preview Content\"";
				DEVELOPMENT_TEAM = T69772G8XN;
				ENABLE_PREVIEWS = YES;
				GENERATE_INFOPLIST_FILE = YES;
				INFOPLIST_FILE = OddsiumCT/Info.plist;
				INFOPLIST_KEY_UIApplicationSceneManifest_Generation = YES;
				INFOPLIST_KEY_UIApplicationSupportsIndirectInputEvents = YES;
				INFOPLIST_KEY_UILaunchScreen_Generation = YES;
				INFOPLIST_KEY_UISupportedInterfaceOrientations_iPad = "UIInterfaceOrientationPortrait UIInterfaceOrientationPortraitUpsideDown UIInterfaceOrientationLandscapeLeft UIInterfaceOrientationLandscapeRight";
				INFOPLIST_KEY_UISupportedInterfaceOrientations_iPhone = "UIInterfaceOrientationPortrait UIInterfaceOrientationLandscapeLeft UIInterfaceOrientationLandscapeRight";
				LD_RUNPATH_SEARCH_PATHS = (
					"$(inherited)",
					"@executable_path/Frameworks",
				);
				MARKETING_VERSION = 1.0;
				PRODUCT_BUNDLE_IDENTIFIER = se.codable.OddsiumCT;
				PRODUCT_NAME = "$(TARGET_NAME)";
				SWIFT_EMIT_LOC_STRINGS = YES;
				SWIFT_VERSION = 5.0;
				TARGETED_DEVICE_FAMILY = "1,2";
			};
			name = Release;
		};
/* End XCBuildConfiguration section */

/* Begin XCConfigurationList section */
		4CBA253B298E64A0003FFA96 /* Build configuration list for PBXProject "OddsiumCT" */ = {
			isa = XCConfigurationList;
			buildConfigurations = (
				4CBA254C298E64A2003FFA96 /* Debug */,
				4CBA254D298E64A2003FFA96 /* Release */,
			);
			defaultConfigurationIsVisible = 0;
			defaultConfigurationName = Release;
		};
		4CBA254E298E64A2003FFA96 /* Build configuration list for PBXNativeTarget "OddsiumCT" */ = {
			isa = XCConfigurationList;
			buildConfigurations = (
				4CBA254F298E64A2003FFA96 /* Debug */,
				4CBA2550298E64A2003FFA96 /* Release */,
			);
			defaultConfigurationIsVisible = 0;
			defaultConfigurationName = Release;
		};
/* End XCConfigurationList section */

/* Begin XCRemoteSwiftPackageReference section */
		4C0E17AE2993BF8300F7814F /* XCRemoteSwiftPackageReference "Kingfisher" */ = {
			isa = XCRemoteSwiftPackageReference;
			repositoryURL = "https://github.com/onevcat/Kingfisher";
			requirement = {
				kind = upToNextMajorVersion;
				minimumVersion = 7.0.0;
			};
		};
/* End XCRemoteSwiftPackageReference section */

/* Begin XCSwiftPackageProductDependency section */
		4C0E17AF2993BF8300F7814F /* Kingfisher */ = {
			isa = XCSwiftPackageProductDependency;
			package = 4C0E17AE2993BF8300F7814F /* XCRemoteSwiftPackageReference "Kingfisher" */;
			productName = Kingfisher;
		};
/* End XCSwiftPackageProductDependency section */
	};
	rootObject = 4CBA2538298E64A0003FFA96 /* Project object */;
}
